// !$*UTF8*$!
{
	archiveVersion = 1;
	classes = {
	};
	objectVersion = 46;
	objects = {

/* Begin PBXBuildFile section */
		BFA5AC44163676A100D33AA1 /* OpeningOptions.m in Sources */ = {isa = PBXBuildFile; fileRef = BFA5AC42163676A100D33AA1 /* OpeningOptions.m */; };
		BFA5AC45163676A100D33AA1 /* OpeningOptions.xib in Resources */ = {isa = PBXBuildFile; fileRef = BFA5AC43163676A100D33AA1 /* OpeningOptions.xib */; };
		BFA5AC7C1636871000D33AA1 /* KingdomList.m in Sources */ = {isa = PBXBuildFile; fileRef = BFA5AC7A1636871000D33AA1 /* KingdomList.m */; };
		BFA5AC7D1636871000D33AA1 /* KingdomList.xib in Resources */ = {isa = PBXBuildFile; fileRef = BFA5AC7B1636871000D33AA1 /* KingdomList.xib */; };
		BFA5AC7F16368B0300D33AA1 /* SCA-WaterMark.png in Resources */ = {isa = PBXBuildFile; fileRef = BFA5AC7E16368B0300D33AA1 /* SCA-WaterMark.png */; };
		BFA5AC8216368E8700D33AA1 /* KingdomCustomCell.m in Sources */ = {isa = PBXBuildFile; fileRef = BFA5AC8116368E8700D33AA1 /* KingdomCustomCell.m */; };
		BFA5AC8416368EA200D33AA1 /* KingdomCustomCell.xib in Resources */ = {isa = PBXBuildFile; fileRef = BFA5AC8316368EA200D33AA1 /* KingdomCustomCell.xib */; };
		BFA5AC8716372AB100D33AA1 /* data.plist in Resources */ = {isa = PBXBuildFile; fileRef = BFA5AC8616372AB100D33AA1 /* data.plist */; };
		BFA5AC8F163737B000D33AA1 /* EventCell.m in Sources */ = {isa = PBXBuildFile; fileRef = BFA5AC8E163737B000D33AA1 /* EventCell.m */; };
		BFA5AC91163737CA00D33AA1 /* EventCell.xib in Resources */ = {isa = PBXBuildFile; fileRef = BFA5AC90163737C900D33AA1 /* EventCell.xib */; };
		BFA5AC97163765EC00D33AA1 /* NSObject+SBJSON.m in Sources */ = {isa = PBXBuildFile; fileRef = BFC0FD401636666500ACDE77 /* NSObject+SBJSON.m */; };
		BFA5AC98163765EC00D33AA1 /* NSString+SBJSON.m in Sources */ = {isa = PBXBuildFile; fileRef = BFC0FD421636666500ACDE77 /* NSString+SBJSON.m */; };
		BFA5AC99163765EC00D33AA1 /* SBJSON.m in Sources */ = {isa = PBXBuildFile; fileRef = BFC0FD441636666500ACDE77 /* SBJSON.m */; };
		BFA5AC9A163765EC00D33AA1 /* SBJsonBase.m in Sources */ = {isa = PBXBuildFile; fileRef = BFC0FD461636666500ACDE77 /* SBJsonBase.m */; };
		BFA5AC9B163765EC00D33AA1 /* SBJsonParser.m in Sources */ = {isa = PBXBuildFile; fileRef = BFC0FD481636666500ACDE77 /* SBJsonParser.m */; };
		BFA5AC9C163765EC00D33AA1 /* SBJsonWriter.m in Sources */ = {isa = PBXBuildFile; fileRef = BFC0FD4A1636666500ACDE77 /* SBJsonWriter.m */; };
		BFC0FCE6163653F300ACDE77 /* UIKit.framework in Frameworks */ = {isa = PBXBuildFile; fileRef = BFC0FCE5163653F300ACDE77 /* UIKit.framework */; };
		BFC0FCE8163653F300ACDE77 /* Foundation.framework in Frameworks */ = {isa = PBXBuildFile; fileRef = BFC0FCE7163653F300ACDE77 /* Foundation.framework */; };
		BFC0FCEA163653F300ACDE77 /* CoreGraphics.framework in Frameworks */ = {isa = PBXBuildFile; fileRef = BFC0FCE9163653F300ACDE77 /* CoreGraphics.framework */; };
		BFC0FCF0163653F300ACDE77 /* InfoPlist.strings in Resources */ = {isa = PBXBuildFile; fileRef = BFC0FCEE163653F300ACDE77 /* InfoPlist.strings */; };
		BFC0FCF2163653F300ACDE77 /* main.m in Sources */ = {isa = PBXBuildFile; fileRef = BFC0FCF1163653F300ACDE77 /* main.m */; };
		BFC0FCF6163653F300ACDE77 /* AppDelegate.m in Sources */ = {isa = PBXBuildFile; fileRef = BFC0FCF5163653F300ACDE77 /* AppDelegate.m */; };
		BFC0FCF8163653F300ACDE77 /* Default.png in Resources */ = {isa = PBXBuildFile; fileRef = BFC0FCF7163653F300ACDE77 /* Default.png */; };
		BFC0FCFA163653F300ACDE77 /* Default@2x.png in Resources */ = {isa = PBXBuildFile; fileRef = BFC0FCF9163653F300ACDE77 /* Default@2x.png */; };
		BFC0FCFC163653F300ACDE77 /* Default-568h@2x.png in Resources */ = {isa = PBXBuildFile; fileRef = BFC0FCFB163653F300ACDE77 /* Default-568h@2x.png */; };
		BFC0FCFF163653F300ACDE77 /* FirstViewController.m in Sources */ = {isa = PBXBuildFile; fileRef = BFC0FCFE163653F300ACDE77 /* FirstViewController.m */; };
		BFC0FD01163653F300ACDE77 /* first.png in Resources */ = {isa = PBXBuildFile; fileRef = BFC0FD00163653F300ACDE77 /* first.png */; };
		BFC0FD03163653F300ACDE77 /* first@2x.png in Resources */ = {isa = PBXBuildFile; fileRef = BFC0FD02163653F300ACDE77 /* first@2x.png */; };
		BFC0FD06163653F300ACDE77 /* SecondViewController.m in Sources */ = {isa = PBXBuildFile; fileRef = BFC0FD05163653F300ACDE77 /* SecondViewController.m */; };
		BFC0FD08163653F300ACDE77 /* second.png in Resources */ = {isa = PBXBuildFile; fileRef = BFC0FD07163653F300ACDE77 /* second.png */; };
		BFC0FD0A163653F300ACDE77 /* second@2x.png in Resources */ = {isa = PBXBuildFile; fileRef = BFC0FD09163653F300ACDE77 /* second@2x.png */; };
		BFC0FD0D163653F400ACDE77 /* FirstViewController.xib in Resources */ = {isa = PBXBuildFile; fileRef = BFC0FD0B163653F400ACDE77 /* FirstViewController.xib */; };
		BFC0FD10163653F400ACDE77 /* SecondViewController.xib in Resources */ = {isa = PBXBuildFile; fileRef = BFC0FD0E163653F400ACDE77 /* SecondViewController.xib */; };
		BFC0FD171636548000ACDE77 /* SCA-LRG-Image.png in Resources */ = {isa = PBXBuildFile; fileRef = BFC0FD161636548000ACDE77 /* SCA-LRG-Image.png */; };
		BFC0FD2A16365B6100ACDE77 /* eventClass.m in Sources */ = {isa = PBXBuildFile; fileRef = BFC0FD2916365B6100ACDE77 /* eventClass.m */; };
		BFC0FD3216365FA600ACDE77 /* eventFactory.m in Sources */ = {isa = PBXBuildFile; fileRef = BFC0FD3116365FA600ACDE77 /* eventFactory.m */; };
		BFC0FD381636640700ACDE77 /* normEventLVL.m in Sources */ = {isa = PBXBuildFile; fileRef = BFC0FD371636640700ACDE77 /* normEventLVL.m */; };
		BFC0FD3B163664B300ACDE77 /* kingEventLVL.m in Sources */ = {isa = PBXBuildFile; fileRef = BFC0FD3A163664B300ACDE77 /* kingEventLVL.m */; };
		BFC0FD5616366AA100ACDE77 /* kingdomChoiceLoad.m in Sources */ = {isa = PBXBuildFile; fileRef = BFC0FD5416366AA100ACDE77 /* kingdomChoiceLoad.m */; };
		BFC0FD5716366AA100ACDE77 /* kingdomChoiceLoad.xib in Resources */ = {isa = PBXBuildFile; fileRef = BFC0FD5516366AA100ACDE77 /* kingdomChoiceLoad.xib */; };
/* End PBXBuildFile section */

/* Begin PBXFileReference section */
		BFA5AC41163676A100D33AA1 /* OpeningOptions.h */ = {isa = PBXFileReference; fileEncoding = 4; lastKnownFileType = sourcecode.c.h; path = OpeningOptions.h; sourceTree = "<group>"; };
		BFA5AC42163676A100D33AA1 /* OpeningOptions.m */ = {isa = PBXFileReference; fileEncoding = 4; lastKnownFileType = sourcecode.c.objc; path = OpeningOptions.m; sourceTree = "<group>"; };
		BFA5AC43163676A100D33AA1 /* OpeningOptions.xib */ = {isa = PBXFileReference; fileEncoding = 4; lastKnownFileType = file.xib; path = OpeningOptions.xib; sourceTree = "<group>"; };
		BFA5AC791636871000D33AA1 /* KingdomList.h */ = {isa = PBXFileReference; fileEncoding = 4; lastKnownFileType = sourcecode.c.h; path = KingdomList.h; sourceTree = "<group>"; };
		BFA5AC7A1636871000D33AA1 /* KingdomList.m */ = {isa = PBXFileReference; fileEncoding = 4; lastKnownFileType = sourcecode.c.objc; path = KingdomList.m; sourceTree = "<group>"; };
		BFA5AC7B1636871000D33AA1 /* KingdomList.xib */ = {isa = PBXFileReference; fileEncoding = 4; lastKnownFileType = file.xib; path = KingdomList.xib; sourceTree = "<group>"; };
		BFA5AC7E16368B0300D33AA1 /* SCA-WaterMark.png */ = {isa = PBXFileReference; lastKnownFileType = image.png; path = "SCA-WaterMark.png"; sourceTree = "<group>"; };
		BFA5AC8016368E8700D33AA1 /* KingdomCustomCell.h */ = {isa = PBXFileReference; fileEncoding = 4; lastKnownFileType = sourcecode.c.h; path = KingdomCustomCell.h; sourceTree = "<group>"; };
		BFA5AC8116368E8700D33AA1 /* KingdomCustomCell.m */ = {isa = PBXFileReference; fileEncoding = 4; lastKnownFileType = sourcecode.c.objc; path = KingdomCustomCell.m; sourceTree = "<group>"; };
		BFA5AC8316368EA200D33AA1 /* KingdomCustomCell.xib */ = {isa = PBXFileReference; fileEncoding = 4; lastKnownFileType = file.xib; path = KingdomCustomCell.xib; sourceTree = "<group>"; };
		BFA5AC8616372AB100D33AA1 /* data.plist */ = {isa = PBXFileReference; fileEncoding = 4; lastKnownFileType = text.plist.xml; name = data.plist; path = ../data.plist; sourceTree = "<group>"; };
		BFA5AC8D163737AF00D33AA1 /* EventCell.h */ = {isa = PBXFileReference; fileEncoding = 4; lastKnownFileType = sourcecode.c.h; name = EventCell.h; path = ../EventCell.h; sourceTree = "<group>"; };
		BFA5AC8E163737B000D33AA1 /* EventCell.m */ = {isa = PBXFileReference; fileEncoding = 4; lastKnownFileType = sourcecode.c.objc; name = EventCell.m; path = ../EventCell.m; sourceTree = "<group>"; };
		BFA5AC90163737C900D33AA1 /* EventCell.xib */ = {isa = PBXFileReference; fileEncoding = 4; lastKnownFileType = file.xib; name = EventCell.xib; path = ../EventCell.xib; sourceTree = "<group>"; };
		BFC0FCE1163653F300ACDE77 /* NEWevent.app */ = {isa = PBXFileReference; explicitFileType = wrapper.application; includeInIndex = 0; path = NEWevent.app; sourceTree = BUILT_PRODUCTS_DIR; };
		BFC0FCE5163653F300ACDE77 /* UIKit.framework */ = {isa = PBXFileReference; lastKnownFileType = wrapper.framework; name = UIKit.framework; path = System/Library/Frameworks/UIKit.framework; sourceTree = SDKROOT; };
		BFC0FCE7163653F300ACDE77 /* Foundation.framework */ = {isa = PBXFileReference; lastKnownFileType = wrapper.framework; name = Foundation.framework; path = System/Library/Frameworks/Foundation.framework; sourceTree = SDKROOT; };
		BFC0FCE9163653F300ACDE77 /* CoreGraphics.framework */ = {isa = PBXFileReference; lastKnownFileType = wrapper.framework; name = CoreGraphics.framework; path = System/Library/Frameworks/CoreGraphics.framework; sourceTree = SDKROOT; };
		BFC0FCED163653F300ACDE77 /* NEWevent-Info.plist */ = {isa = PBXFileReference; lastKnownFileType = text.plist.xml; path = "NEWevent-Info.plist"; sourceTree = "<group>"; };
		BFC0FCEF163653F300ACDE77 /* en */ = {isa = PBXFileReference; lastKnownFileType = text.plist.strings; name = en; path = en.lproj/InfoPlist.strings; sourceTree = "<group>"; };
		BFC0FCF1163653F300ACDE77 /* main.m */ = {isa = PBXFileReference; lastKnownFileType = sourcecode.c.objc; path = main.m; sourceTree = "<group>"; };
		BFC0FCF3163653F300ACDE77 /* NEWevent-Prefix.pch */ = {isa = PBXFileReference; lastKnownFileType = sourcecode.c.h; path = "NEWevent-Prefix.pch"; sourceTree = "<group>"; };
		BFC0FCF4163653F300ACDE77 /* AppDelegate.h */ = {isa = PBXFileReference; lastKnownFileType = sourcecode.c.h; path = AppDelegate.h; sourceTree = "<group>"; };
		BFC0FCF5163653F300ACDE77 /* AppDelegate.m */ = {isa = PBXFileReference; lastKnownFileType = sourcecode.c.objc; path = AppDelegate.m; sourceTree = "<group>"; };
		BFC0FCF7163653F300ACDE77 /* Default.png */ = {isa = PBXFileReference; lastKnownFileType = image.png; path = Default.png; sourceTree = "<group>"; };
		BFC0FCF9163653F300ACDE77 /* Default@2x.png */ = {isa = PBXFileReference; lastKnownFileType = image.png; path = "Default@2x.png"; sourceTree = "<group>"; };
		BFC0FCFB163653F300ACDE77 /* Default-568h@2x.png */ = {isa = PBXFileReference; lastKnownFileType = image.png; path = "Default-568h@2x.png"; sourceTree = "<group>"; };
		BFC0FCFD163653F300ACDE77 /* FirstViewController.h */ = {isa = PBXFileReference; lastKnownFileType = sourcecode.c.h; path = FirstViewController.h; sourceTree = "<group>"; };
		BFC0FCFE163653F300ACDE77 /* FirstViewController.m */ = {isa = PBXFileReference; lastKnownFileType = sourcecode.c.objc; path = FirstViewController.m; sourceTree = "<group>"; };
		BFC0FD00163653F300ACDE77 /* first.png */ = {isa = PBXFileReference; lastKnownFileType = image.png; path = first.png; sourceTree = "<group>"; };
		BFC0FD02163653F300ACDE77 /* first@2x.png */ = {isa = PBXFileReference; lastKnownFileType = image.png; path = "first@2x.png"; sourceTree = "<group>"; };
		BFC0FD04163653F300ACDE77 /* SecondViewController.h */ = {isa = PBXFileReference; lastKnownFileType = sourcecode.c.h; path = SecondViewController.h; sourceTree = "<group>"; };
		BFC0FD05163653F300ACDE77 /* SecondViewController.m */ = {isa = PBXFileReference; lastKnownFileType = sourcecode.c.objc; path = SecondViewController.m; sourceTree = "<group>"; };
		BFC0FD07163653F300ACDE77 /* second.png */ = {isa = PBXFileReference; lastKnownFileType = image.png; path = second.png; sourceTree = "<group>"; };
		BFC0FD09163653F300ACDE77 /* second@2x.png */ = {isa = PBXFileReference; lastKnownFileType = image.png; path = "second@2x.png"; sourceTree = "<group>"; };
		BFC0FD0C163653F400ACDE77 /* en */ = {isa = PBXFileReference; lastKnownFileType = file.xib; name = en; path = en.lproj/FirstViewController.xib; sourceTree = "<group>"; };
		BFC0FD0F163653F400ACDE77 /* en */ = {isa = PBXFileReference; lastKnownFileType = file.xib; name = en; path = en.lproj/SecondViewController.xib; sourceTree = "<group>"; };
		BFC0FD161636548000ACDE77 /* SCA-LRG-Image.png */ = {isa = PBXFileReference; lastKnownFileType = image.png; path = "SCA-LRG-Image.png"; sourceTree = "<group>"; };
		BFC0FD2816365B6100ACDE77 /* eventClass.h */ = {isa = PBXFileReference; fileEncoding = 4; lastKnownFileType = sourcecode.c.h; name = eventClass.h; path = ../eventClass.h; sourceTree = "<group>"; };
		BFC0FD2916365B6100ACDE77 /* eventClass.m */ = {isa = PBXFileReference; fileEncoding = 4; lastKnownFileType = sourcecode.c.objc; name = eventClass.m; path = ../eventClass.m; sourceTree = "<group>"; };
		BFC0FD3016365FA600ACDE77 /* eventFactory.h */ = {isa = PBXFileReference; fileEncoding = 4; lastKnownFileType = sourcecode.c.h; path = eventFactory.h; sourceTree = "<group>"; };
		BFC0FD3116365FA600ACDE77 /* eventFactory.m */ = {isa = PBXFileReference; fileEncoding = 4; lastKnownFileType = sourcecode.c.objc; path = eventFactory.m; sourceTree = "<group>"; };
		BFC0FD361636640700ACDE77 /* normEventLVL.h */ = {isa = PBXFileReference; fileEncoding = 4; lastKnownFileType = sourcecode.c.h; path = normEventLVL.h; sourceTree = "<group>"; };
		BFC0FD371636640700ACDE77 /* normEventLVL.m */ = {isa = PBXFileReference; fileEncoding = 4; lastKnownFileType = sourcecode.c.objc; path = normEventLVL.m; sourceTree = "<group>"; };
		BFC0FD39163664B300ACDE77 /* kingEventLVL.h */ = {isa = PBXFileReference; fileEncoding = 4; lastKnownFileType = sourcecode.c.h; path = kingEventLVL.h; sourceTree = "<group>"; };
		BFC0FD3A163664B300ACDE77 /* kingEventLVL.m */ = {isa = PBXFileReference; fileEncoding = 4; lastKnownFileType = sourcecode.c.objc; path = kingEventLVL.m; sourceTree = "<group>"; };
		BFC0FD3E1636666500ACDE77 /* JSON.h */ = {isa = PBXFileReference; lastKnownFileType = sourcecode.c.h; path = JSON.h; sourceTree = "<group>"; };
		BFC0FD3F1636666500ACDE77 /* NSObject+SBJSON.h */ = {isa = PBXFileReference; lastKnownFileType = sourcecode.c.h; path = "NSObject+SBJSON.h"; sourceTree = "<group>"; };
		BFC0FD401636666500ACDE77 /* NSObject+SBJSON.m */ = {isa = PBXFileReference; lastKnownFileType = sourcecode.c.objc; path = "NSObject+SBJSON.m"; sourceTree = "<group>"; };
		BFC0FD411636666500ACDE77 /* NSString+SBJSON.h */ = {isa = PBXFileReference; lastKnownFileType = sourcecode.c.h; path = "NSString+SBJSON.h"; sourceTree = "<group>"; };
		BFC0FD421636666500ACDE77 /* NSString+SBJSON.m */ = {isa = PBXFileReference; lastKnownFileType = sourcecode.c.objc; path = "NSString+SBJSON.m"; sourceTree = "<group>"; };
		BFC0FD431636666500ACDE77 /* SBJSON.h */ = {isa = PBXFileReference; lastKnownFileType = sourcecode.c.h; path = SBJSON.h; sourceTree = "<group>"; };
		BFC0FD441636666500ACDE77 /* SBJSON.m */ = {isa = PBXFileReference; lastKnownFileType = sourcecode.c.objc; path = SBJSON.m; sourceTree = "<group>"; };
		BFC0FD451636666500ACDE77 /* SBJsonBase.h */ = {isa = PBXFileReference; lastKnownFileType = sourcecode.c.h; path = SBJsonBase.h; sourceTree = "<group>"; };
		BFC0FD461636666500ACDE77 /* SBJsonBase.m */ = {isa = PBXFileReference; lastKnownFileType = sourcecode.c.objc; path = SBJsonBase.m; sourceTree = "<group>"; };
		BFC0FD471636666500ACDE77 /* SBJsonParser.h */ = {isa = PBXFileReference; lastKnownFileType = sourcecode.c.h; path = SBJsonParser.h; sourceTree = "<group>"; };
		BFC0FD481636666500ACDE77 /* SBJsonParser.m */ = {isa = PBXFileReference; lastKnownFileType = sourcecode.c.objc; path = SBJsonParser.m; sourceTree = "<group>"; };
		BFC0FD491636666500ACDE77 /* SBJsonWriter.h */ = {isa = PBXFileReference; lastKnownFileType = sourcecode.c.h; path = SBJsonWriter.h; sourceTree = "<group>"; };
		BFC0FD4A1636666500ACDE77 /* SBJsonWriter.m */ = {isa = PBXFileReference; lastKnownFileType = sourcecode.c.objc; path = SBJsonWriter.m; sourceTree = "<group>"; };
		BFC0FD5316366AA100ACDE77 /* kingdomChoiceLoad.h */ = {isa = PBXFileReference; fileEncoding = 4; lastKnownFileType = sourcecode.c.h; path = kingdomChoiceLoad.h; sourceTree = "<group>"; };
		BFC0FD5416366AA100ACDE77 /* kingdomChoiceLoad.m */ = {isa = PBXFileReference; fileEncoding = 4; lastKnownFileType = sourcecode.c.objc; path = kingdomChoiceLoad.m; sourceTree = "<group>"; };
		BFC0FD5516366AA100ACDE77 /* kingdomChoiceLoad.xib */ = {isa = PBXFileReference; fileEncoding = 4; lastKnownFileType = file.xib; path = kingdomChoiceLoad.xib; sourceTree = "<group>"; };
/* End PBXFileReference section */

/* Begin PBXFrameworksBuildPhase section */
		BFC0FCDE163653F300ACDE77 /* Frameworks */ = {
			isa = PBXFrameworksBuildPhase;
			buildActionMask = 2147483647;
			files = (
				BFC0FCE6163653F300ACDE77 /* UIKit.framework in Frameworks */,
				BFC0FCE8163653F300ACDE77 /* Foundation.framework in Frameworks */,
				BFC0FCEA163653F300ACDE77 /* CoreGraphics.framework in Frameworks */,
			);
			runOnlyForDeploymentPostprocessing = 0;
		};
/* End PBXFrameworksBuildPhase section */

/* Begin PBXGroup section */
		BFA5AC851636913B00D33AA1 /* Old Views */ = {
			isa = PBXGroup;
			children = (
				BFC0FCFD163653F300ACDE77 /* FirstViewController.h */,
				BFC0FCFE163653F300ACDE77 /* FirstViewController.m */,
				BFC0FD0B163653F400ACDE77 /* FirstViewController.xib */,
				BFC0FD04163653F300ACDE77 /* SecondViewController.h */,
				BFC0FD05163653F300ACDE77 /* SecondViewController.m */,
				BFC0FD0E163653F400ACDE77 /* SecondViewController.xib */,
			);
			name = "Old Views";
			sourceTree = "<group>";
		};
		BFC0FCD6163653F300ACDE77 = {
			isa = PBXGroup;
			children = (
				BFC0FCEB163653F300ACDE77 /* NEWevent */,
				BFC0FCE4163653F300ACDE77 /* Frameworks */,
				BFC0FCE2163653F300ACDE77 /* Products */,
			);
			sourceTree = "<group>";
		};
		BFC0FCE2163653F300ACDE77 /* Products */ = {
			isa = PBXGroup;
			children = (
				BFC0FCE1163653F300ACDE77 /* NEWevent.app */,
			);
			name = Products;
			sourceTree = "<group>";
		};
		BFC0FCE4163653F300ACDE77 /* Frameworks */ = {
			isa = PBXGroup;
			children = (
				BFC0FCE5163653F300ACDE77 /* UIKit.framework */,
				BFC0FCE7163653F300ACDE77 /* Foundation.framework */,
				BFC0FCE9163653F300ACDE77 /* CoreGraphics.framework */,
			);
			name = Frameworks;
			sourceTree = "<group>";
		};
		BFC0FCEB163653F300ACDE77 /* NEWevent */ = {
			isa = PBXGroup;
			children = (
				BFC0FCF4163653F300ACDE77 /* AppDelegate.h */,
				BFC0FCF5163653F300ACDE77 /* AppDelegate.m */,
				BFA5AC41163676A100D33AA1 /* OpeningOptions.h */,
				BFA5AC42163676A100D33AA1 /* OpeningOptions.m */,
				BFA5AC43163676A100D33AA1 /* OpeningOptions.xib */,
				BFC0FD5316366AA100ACDE77 /* kingdomChoiceLoad.h */,
				BFC0FD5416366AA100ACDE77 /* kingdomChoiceLoad.m */,
				BFC0FD5516366AA100ACDE77 /* kingdomChoiceLoad.xib */,
				BFA5AC791636871000D33AA1 /* KingdomList.h */,
				BFA5AC7A1636871000D33AA1 /* KingdomList.m */,
				BFA5AC7B1636871000D33AA1 /* KingdomList.xib */,
				BFA5AC8016368E8700D33AA1 /* KingdomCustomCell.h */,
				BFA5AC8116368E8700D33AA1 /* KingdomCustomCell.m */,
				BFA5AC8316368EA200D33AA1 /* KingdomCustomCell.xib */,
				BFA5AC8D163737AF00D33AA1 /* EventCell.h */,
				BFA5AC8E163737B000D33AA1 /* EventCell.m */,
				BFA5AC90163737C900D33AA1 /* EventCell.xib */,
				BFA5AC8616372AB100D33AA1 /* data.plist */,
				BFA5AC851636913B00D33AA1 /* Old Views */,
				BFC0FD3D1636664B00ACDE77 /* SBJSON */,
				BFC0FD5816366BC100ACDE77 /* Images */,
				BFC0FCEC163653F300ACDE77 /* Supporting Files */,
				BFC0FD3C1636650400ACDE77 /* classes */,
			);
			path = NEWevent;
			sourceTree = "<group>";
		};
		BFC0FCEC163653F300ACDE77 /* Supporting Files */ = {
			isa = PBXGroup;
			children = (
				BFC0FCED163653F300ACDE77 /* NEWevent-Info.plist */,
				BFC0FCEE163653F300ACDE77 /* InfoPlist.strings */,
				BFC0FCF1163653F300ACDE77 /* main.m */,
				BFC0FCF3163653F300ACDE77 /* NEWevent-Prefix.pch */,
				BFC0FCF7163653F300ACDE77 /* Default.png */,
				BFC0FCF9163653F300ACDE77 /* Default@2x.png */,
				BFC0FCFB163653F300ACDE77 /* Default-568h@2x.png */,
			);
			name = "Supporting Files";
			sourceTree = "<group>";
		};
		BFC0FD3C1636650400ACDE77 /* classes */ = {
			isa = PBXGroup;
			children = (
				BFC0FD2816365B6100ACDE77 /* eventClass.h */,
				BFC0FD2916365B6100ACDE77 /* eventClass.m */,
				BFC0FD3016365FA600ACDE77 /* eventFactory.h */,
				BFC0FD3116365FA600ACDE77 /* eventFactory.m */,
				BFC0FD361636640700ACDE77 /* normEventLVL.h */,
				BFC0FD371636640700ACDE77 /* normEventLVL.m */,
				BFC0FD39163664B300ACDE77 /* kingEventLVL.h */,
				BFC0FD3A163664B300ACDE77 /* kingEventLVL.m */,
			);
			name = classes;
			sourceTree = "<group>";
		};
		BFC0FD3D1636664B00ACDE77 /* SBJSON */ = {
			isa = PBXGroup;
			children = (
				BFC0FD3E1636666500ACDE77 /* JSON.h */,
				BFC0FD3F1636666500ACDE77 /* NSObject+SBJSON.h */,
				BFC0FD401636666500ACDE77 /* NSObject+SBJSON.m */,
				BFC0FD411636666500ACDE77 /* NSString+SBJSON.h */,
				BFC0FD421636666500ACDE77 /* NSString+SBJSON.m */,
				BFC0FD431636666500ACDE77 /* SBJSON.h */,
				BFC0FD441636666500ACDE77 /* SBJSON.m */,
				BFC0FD451636666500ACDE77 /* SBJsonBase.h */,
				BFC0FD461636666500ACDE77 /* SBJsonBase.m */,
				BFC0FD471636666500ACDE77 /* SBJsonParser.h */,
				BFC0FD481636666500ACDE77 /* SBJsonParser.m */,
				BFC0FD491636666500ACDE77 /* SBJsonWriter.h */,
				BFC0FD4A1636666500ACDE77 /* SBJsonWriter.m */,
			);
			name = SBJSON;
			sourceTree = "<group>";
		};
		BFC0FD5816366BC100ACDE77 /* Images */ = {
			isa = PBXGroup;
			children = (
				BFA5AC7E16368B0300D33AA1 /* SCA-WaterMark.png */,
				BFC0FD07163653F300ACDE77 /* second.png */,
				BFC0FD09163653F300ACDE77 /* second@2x.png */,
				BFC0FD161636548000ACDE77 /* SCA-LRG-Image.png */,
				BFC0FD00163653F300ACDE77 /* first.png */,
				BFC0FD02163653F300ACDE77 /* first@2x.png */,
			);
			name = Images;
			sourceTree = "<group>";
		};
/* End PBXGroup section */

/* Begin PBXNativeTarget section */
		BFC0FCE0163653F300ACDE77 /* NEWevent */ = {
			isa = PBXNativeTarget;
			buildConfigurationList = BFC0FD13163653F400ACDE77 /* Build configuration list for PBXNativeTarget "NEWevent" */;
			buildPhases = (
				BFC0FCDD163653F300ACDE77 /* Sources */,
				BFC0FCDE163653F300ACDE77 /* Frameworks */,
				BFC0FCDF163653F300ACDE77 /* Resources */,
			);
			buildRules = (
			);
			dependencies = (
			);
			name = NEWevent;
			productName = NEWevent;
			productReference = BFC0FCE1163653F300ACDE77 /* NEWevent.app */;
			productType = "com.apple.product-type.application";
		};
/* End PBXNativeTarget section */

/* Begin PBXProject section */
		BFC0FCD8163653F300ACDE77 /* Project object */ = {
			isa = PBXProject;
			attributes = {
				LastUpgradeCheck = 0450;
				ORGANIZATIONNAME = "Shae Klusman";
			};
			buildConfigurationList = BFC0FCDB163653F300ACDE77 /* Build configuration list for PBXProject "NEWevent" */;
			compatibilityVersion = "Xcode 3.2";
			developmentRegion = English;
			hasScannedForEncodings = 0;
			knownRegions = (
				en,
			);
			mainGroup = BFC0FCD6163653F300ACDE77;
			productRefGroup = BFC0FCE2163653F300ACDE77 /* Products */;
			projectDirPath = "";
			projectRoot = "";
			targets = (
				BFC0FCE0163653F300ACDE77 /* NEWevent */,
			);
		};
/* End PBXProject section */

/* Begin PBXResourcesBuildPhase section */
		BFC0FCDF163653F300ACDE77 /* Resources */ = {
			isa = PBXResourcesBuildPhase;
			buildActionMask = 2147483647;
			files = (
				BFC0FCF0163653F300ACDE77 /* InfoPlist.strings in Resources */,
				BFC0FCF8163653F300ACDE77 /* Default.png in Resources */,
				BFC0FCFA163653F300ACDE77 /* Default@2x.png in Resources */,
				BFC0FCFC163653F300ACDE77 /* Default-568h@2x.png in Resources */,
				BFC0FD01163653F300ACDE77 /* first.png in Resources */,
				BFC0FD03163653F300ACDE77 /* first@2x.png in Resources */,
				BFC0FD08163653F300ACDE77 /* second.png in Resources */,
				BFC0FD0A163653F300ACDE77 /* second@2x.png in Resources */,
				BFC0FD0D163653F400ACDE77 /* FirstViewController.xib in Resources */,
				BFC0FD10163653F400ACDE77 /* SecondViewController.xib in Resources */,
				BFC0FD171636548000ACDE77 /* SCA-LRG-Image.png in Resources */,
				BFC0FD5716366AA100ACDE77 /* kingdomChoiceLoad.xib in Resources */,
				BFA5AC45163676A100D33AA1 /* OpeningOptions.xib in Resources */,
				BFA5AC7D1636871000D33AA1 /* KingdomList.xib in Resources */,
				BFA5AC7F16368B0300D33AA1 /* SCA-WaterMark.png in Resources */,
				BFA5AC8416368EA200D33AA1 /* KingdomCustomCell.xib in Resources */,
				BFA5AC8716372AB100D33AA1 /* data.plist in Resources */,
				BFA5AC91163737CA00D33AA1 /* EventCell.xib in Resources */,
			);
			runOnlyForDeploymentPostprocessing = 0;
		};
/* End PBXResourcesBuildPhase section */

/* Begin PBXSourcesBuildPhase section */
		BFC0FCDD163653F300ACDE77 /* Sources */ = {
			isa = PBXSourcesBuildPhase;
			buildActionMask = 2147483647;
			files = (
				BFA5AC97163765EC00D33AA1 /* NSObject+SBJSON.m in Sources */,
				BFA5AC98163765EC00D33AA1 /* NSString+SBJSON.m in Sources */,
				BFA5AC99163765EC00D33AA1 /* SBJSON.m in Sources */,
				BFA5AC9A163765EC00D33AA1 /* SBJsonBase.m in Sources */,
				BFA5AC9B163765EC00D33AA1 /* SBJsonParser.m in Sources */,
				BFA5AC9C163765EC00D33AA1 /* SBJsonWriter.m in Sources */,
				BFC0FCF2163653F300ACDE77 /* main.m in Sources */,
				BFC0FCF6163653F300ACDE77 /* AppDelegate.m in Sources */,
				BFC0FCFF163653F300ACDE77 /* FirstViewController.m in Sources */,
				BFC0FD06163653F300ACDE77 /* SecondViewController.m in Sources */,
				BFC0FD2A16365B6100ACDE77 /* eventClass.m in Sources */,
				BFC0FD3216365FA600ACDE77 /* eventFactory.m in Sources */,
				BFC0FD381636640700ACDE77 /* normEventLVL.m in Sources */,
				BFC0FD3B163664B300ACDE77 /* kingEventLVL.m in Sources */,
				BFC0FD5616366AA100ACDE77 /* kingdomChoiceLoad.m in Sources */,
				BFA5AC44163676A100D33AA1 /* OpeningOptions.m in Sources */,
				BFA5AC7C1636871000D33AA1 /* KingdomList.m in Sources */,
				BFA5AC8216368E8700D33AA1 /* KingdomCustomCell.m in Sources */,
				BFA5AC8F163737B000D33AA1 /* EventCell.m in Sources */,
			);
			runOnlyForDeploymentPostprocessing = 0;
		};
/* End PBXSourcesBuildPhase section */

/* Begin PBXVariantGroup section */
		BFC0FCEE163653F300ACDE77 /* InfoPlist.strings */ = {
			isa = PBXVariantGroup;
			children = (
				BFC0FCEF163653F300ACDE77 /* en */,
			);
			name = InfoPlist.strings;
			sourceTree = "<group>";
		};
		BFC0FD0B163653F400ACDE77 /* FirstViewController.xib */ = {
			isa = PBXVariantGroup;
			children = (
				BFC0FD0C163653F400ACDE77 /* en */,
			);
			name = FirstViewController.xib;
			sourceTree = "<group>";
		};
		BFC0FD0E163653F400ACDE77 /* SecondViewController.xib */ = {
			isa = PBXVariantGroup;
			children = (
				BFC0FD0F163653F400ACDE77 /* en */,
			);
			name = SecondViewController.xib;
			sourceTree = "<group>";
		};
/* End PBXVariantGroup section */

/* Begin XCBuildConfiguration section */
		BFC0FD11163653F400ACDE77 /* Debug */ = {
			isa = XCBuildConfiguration;
			buildSettings = {
				ALWAYS_SEARCH_USER_PATHS = NO;
				CLANG_CXX_LANGUAGE_STANDARD = "gnu++0x";
				CLANG_CXX_LIBRARY = "libc++";
				CLANG_ENABLE_OBJC_ARC = YES;
				CLANG_WARN_EMPTY_BODY = YES;
				CLANG_WARN__DUPLICATE_METHOD_MATCH = YES;
				"CODE_SIGN_IDENTITY[sdk=iphoneos*]" = "iPhone Developer";
				COPY_PHASE_STRIP = NO;
				GCC_C_LANGUAGE_STANDARD = gnu99;
				GCC_DYNAMIC_NO_PIC = NO;
				GCC_OPTIMIZATION_LEVEL = 0;
				GCC_PREPROCESSOR_DEFINITIONS = (
					"DEBUG=1",
					"$(inherited)",
				);
				GCC_SYMBOLS_PRIVATE_EXTERN = NO;
				GCC_WARN_ABOUT_RETURN_TYPE = YES;
				GCC_WARN_UNINITIALIZED_AUTOS = YES;
				GCC_WARN_UNUSED_VARIABLE = YES;
				IPHONEOS_DEPLOYMENT_TARGET = 6.0;
				SDKROOT = iphoneos;
			};
			name = Debug;
		};
		BFC0FD12163653F400ACDE77 /* Release */ = {
			isa = XCBuildConfiguration;
			buildSettings = {
				ALWAYS_SEARCH_USER_PATHS = NO;
				CLANG_CXX_LANGUAGE_STANDARD = "gnu++0x";
				CLANG_CXX_LIBRARY = "libc++";
				CLANG_ENABLE_OBJC_ARC = YES;
				CLANG_WARN_EMPTY_BODY = YES;
				CLANG_WARN__DUPLICATE_METHOD_MATCH = YES;
				"CODE_SIGN_IDENTITY[sdk=iphoneos*]" = "iPhone Developer";
				COPY_PHASE_STRIP = YES;
				GCC_C_LANGUAGE_STANDARD = gnu99;
				GCC_WARN_ABOUT_RETURN_TYPE = YES;
				GCC_WARN_UNINITIALIZED_AUTOS = YES;
				GCC_WARN_UNUSED_VARIABLE = YES;
				IPHONEOS_DEPLOYMENT_TARGET = 6.0;
				OTHER_CFLAGS = "-DNS_BLOCK_ASSERTIONS=1";
				SDKROOT = iphoneos;
				VALIDATE_PRODUCT = YES;
			};
			name = Release;
		};
		BFC0FD14163653F400ACDE77 /* Debug */ = {
			isa = XCBuildConfiguration;
			buildSettings = {
				GCC_PRECOMPILE_PREFIX_HEADER = YES;
				GCC_PREFIX_HEADER = "NEWevent/NEWevent-Prefix.pch";
				INFOPLIST_FILE = "NEWevent/NEWevent-Info.plist";
				PRODUCT_NAME = "$(TARGET_NAME)";
				WRAPPER_EXTENSION = app;
			};
			name = Debug;
		};
		BFC0FD15163653F400ACDE77 /* Release */ = {
			isa = XCBuildConfiguration;
			buildSettings = {
				GCC_PRECOMPILE_PREFIX_HEADER = YES;
				GCC_PREFIX_HEADER = "NEWevent/NEWevent-Prefix.pch";
				INFOPLIST_FILE = "NEWevent/NEWevent-Info.plist";
				PRODUCT_NAME = "$(TARGET_NAME)";
				WRAPPER_EXTENSION = app;
			};
			name = Release;
		};
/* End XCBuildConfiguration section */

/* Begin XCConfigurationList section */
		BFC0FCDB163653F300ACDE77 /* Build configuration list for PBXProject "NEWevent" */ = {
			isa = XCConfigurationList;
			buildConfigurations = (
				BFC0FD11163653F400ACDE77 /* Debug */,
				BFC0FD12163653F400ACDE77 /* Release */,
			);
			defaultConfigurationIsVisible = 0;
			defaultConfigurationName = Release;
		};
		BFC0FD13163653F400ACDE77 /* Build configuration list for PBXNativeTarget "NEWevent" */ = {
			isa = XCConfigurationList;
			buildConfigurations = (
				BFC0FD14163653F400ACDE77 /* Debug */,
				BFC0FD15163653F400ACDE77 /* Release */,
			);
			defaultConfigurationIsVisible = 0;
			defaultConfigurationName = Release;
		};
/* End XCConfigurationList section */
	};
	rootObject = BFC0FCD8163653F300ACDE77 /* Project object */;
}
